
Microsoft Visual Studio Solution File, Format Version 12.00
# Visual Studio Version 17
VisualStudioVersion = 17.2.32630.192
MinimumVisualStudioVersion = 10.0.40219.1
Project("{FAE04EC0-301F-11D3-BF4B-00C04F79EFBC}") = "HelloWorld", "HelloWorld\HelloWorld.csproj", "{CF9B96EA-4119-4C82-8747-768A403DF97B}"
EndProject
Global
	GlobalSection(SolutionConfigurationPlatforms) = preSolution
		Debug|Any CPU = Debug|Any CPU
		Release|Any CPU = Release|Any CPU
	EndGlobalSection
	GlobalSection(ProjectConfigurationPlatforms) = postSolution
		{CF9B96EA-4119-4C82-8747-768A403DF97B}.Debug|Any CPU.ActiveCfg = Debug|Any CPU
		{CF9B96EA-4119-4C82-8747-768A403DF97B}.Debug|Any CPU.Build.0 = Debug|Any CPU
		{CF9B96EA-4119-4C82-8747-768A403DF97B}.Release|Any CPU.ActiveCfg = Release|Any CPU
		{CF9B96EA-4119-4C82-8747-768A403DF97B}.Release|Any CPU.Build.0 = Release|Any CPU
	EndGlobalSection
	GlobalSection(SolutionProperties) = preSolution
		HideSolutionNode = FALSE
	EndGlobalSection
	GlobalSection(ExtensibilityGlobals) = postSolution
		SolutionGuid = {C16C5F4A-95B4-4CFC-9229-2C54186C7F0E}
	EndGlobalSection
EndGlobal
